{
  "name": "xlx",
  "version": "1.0.0",
  "lockfileVersion": 1,
  "requires": true,
  "dependencies": {
    "html-parse-stringify2": {
      "version": "2.0.1",
      "resolved": "https://registry.npmjs.org/html-parse-stringify2/-/html-parse-stringify2-2.0.1.tgz",
      "integrity": "sha1-3FZwtyksoVi3vJFsmmc1rIhyg0o=",
      "requires": {
        "void-elements": "^2.0.1"
      }
    },
    "moment": {
      "version": "2.23.0",
      "resolved": "https://registry.npmjs.org/moment/-/moment-2.23.0.tgz",
      "integrity": "sha512-3IE39bHVqFbWWaPOMHZF98Q9c3LDKGTmypMiTM2QygGXXElkFWIH7GxfmlwmY2vwa+wmNsoYZmG2iusf1ZjJoA=="
    },
    "querystringify": {
      "version": "2.1.0",
      "resolved": "https://registry.npmjs.org/querystringify/-/querystringify-2.1.0.tgz",
      "integrity": "sha512-sluvZZ1YiTLD5jsqZcDmFyV2EwToyXZBfpoVOmktMmW+VEnhgakFHnasVph65fOjGPTWN0Nw3+XQaSeMayr0kg=="
    },
    "requires-port": {
      "version": "1.0.0",
      "resolved": "https://registry.npmjs.org/requires-port/-/requires-port-1.0.0.tgz",
      "integrity": "sha1-kl0mAdOaxIXgkc8NpcbmlNw9yv8="
    },
    "url-parse": {
      "version": "1.4.4",
      "resolved": "https://registry.npmjs.org/url-parse/-/url-parse-1.4.4.tgz",
      "integrity": "sha512-/92DTTorg4JjktLNLe6GPS2/RvAd/RGr6LuktmWSMLEOa6rjnlrFXNgSbSmkNvCoL2T028A0a1JaJLzRMlFoHg==",
      "requires": {
        "querystringify": "^2.0.0",
        "requires-port": "^1.0.0"
      }
    },
    "void-elements": {
      "version": "2.0.1",
      "resolved": "https://registry.npmjs.org/void-elements/-/void-elements-2.0.1.tgz",
      "integrity": "sha1-wGavtYK7HLQSjWDqkjkulNXp2+w="
    }
  }
}
